
Microsoft Visual Studio Solution File, Format Version 12.00
# Visual Studio Version 17
VisualStudioVersion = 17.11.35327.3
MinimumVisualStudioVersion = 10.0.40219.1
Project("{F184B08F-C81C-45F6-A57F-5ABD9991F28F}") = "Groupies", "Groupies.vbproj", "{F52A8A2C-955C-4ED6-81C3-0F9CF98453E3}"
EndProject
Project("{F184B08F-C81C-45F6-A57F-5ABD9991F28F}") = "GroupiesTestsFramwork4", "GroupiesTestsFramwork4\GroupiesTestsFramwork4.vbproj", "{16648B40-F0CF-4C18-80D5-E5D4BD0B7CC3}"
EndProject
Global
	GlobalSection(SolutionConfigurationPlatforms) = preSolution
		Debug|Any CPU = Debug|Any CPU
		Release|Any CPU = Release|Any CPU
	EndGlobalSection
	GlobalSection(ProjectConfigurationPlatforms) = postSolution
		{F52A8A2C-955C-4ED6-81C3-0F9CF98453E3}.Debug|Any CPU.ActiveCfg = Debug|Any CPU
		{F52A8A2C-955C-4ED6-81C3-0F9CF98453E3}.Debug|Any CPU.Build.0 = Debug|Any CPU
		{F52A8A2C-955C-4ED6-81C3-0F9CF98453E3}.Release|Any CPU.ActiveCfg = Release|Any CPU
		{F52A8A2C-955C-4ED6-81C3-0F9CF98453E3}.Release|Any CPU.Build.0 = Release|Any CPU
		{16648B40-F0CF-4C18-80D5-E5D4BD0B7CC3}.Debug|Any CPU.ActiveCfg = Debug|Any CPU
		{16648B40-F0CF-4C18-80D5-E5D4BD0B7CC3}.Debug|Any CPU.Build.0 = Debug|Any CPU
		{16648B40-F0CF-4C18-80D5-E5D4BD0B7CC3}.Release|Any CPU.ActiveCfg = Release|Any CPU
		{16648B40-F0CF-4C18-80D5-E5D4BD0B7CC3}.Release|Any CPU.Build.0 = Release|Any CPU
	EndGlobalSection
	GlobalSection(SolutionProperties) = preSolution
		HideSolutionNode = FALSE
	EndGlobalSection
	GlobalSection(ExtensibilityGlobals) = postSolution
		SolutionGuid = {DB56D524-9855-4DC4-9481-005177EA94D6}
	EndGlobalSection
EndGlobal
