
Microsoft Visual Studio Solution File, Format Version 12.00
# Visual Studio Version 16
VisualStudioVersion = 16.0.35325.158
MinimumVisualStudioVersion = 10.0.40219.1
Project("{F184B08F-C81C-45F6-A57F-5ABD9991F28F}") = "Groupies", "Groupies.vbproj", "{F52A8A2C-955C-4ED6-81C3-0F9CF98453E3}"
EndProject
Project("{778DAE3C-4631-46EA-AA77-85C1314464D9}") = "GroupiesTestsVB", "GroupiesTestsVB\GroupiesTestsVB.vbproj", "{224951DA-335A-4E45-AA36-44CEE1B84471}"
EndProject
Project("{F184B08F-C81C-45F6-A57F-5ABD9991F28F}") = "GroupiesTests", "GroupiesTests\GroupiesTests.vbproj", "{A6FC8582-F219-4495-BBB2-0C970FF43127}"
EndProject
Global
	GlobalSection(SolutionConfigurationPlatforms) = preSolution
		Debug|Any CPU = Debug|Any CPU
		Release|Any CPU = Release|Any CPU
	EndGlobalSection
	GlobalSection(ProjectConfigurationPlatforms) = postSolution
		{F52A8A2C-955C-4ED6-81C3-0F9CF98453E3}.Debug|Any CPU.ActiveCfg = Debug|Any CPU
		{F52A8A2C-955C-4ED6-81C3-0F9CF98453E3}.Debug|Any CPU.Build.0 = Debug|Any CPU
		{F52A8A2C-955C-4ED6-81C3-0F9CF98453E3}.Release|Any CPU.ActiveCfg = Release|Any CPU
		{F52A8A2C-955C-4ED6-81C3-0F9CF98453E3}.Release|Any CPU.Build.0 = Release|Any CPU
		{224951DA-335A-4E45-AA36-44CEE1B84471}.Debug|Any CPU.ActiveCfg = Debug|Any CPU
		{224951DA-335A-4E45-AA36-44CEE1B84471}.Debug|Any CPU.Build.0 = Debug|Any CPU
		{224951DA-335A-4E45-AA36-44CEE1B84471}.Release|Any CPU.ActiveCfg = Release|Any CPU
		{224951DA-335A-4E45-AA36-44CEE1B84471}.Release|Any CPU.Build.0 = Release|Any CPU
		{A6FC8582-F219-4495-BBB2-0C970FF43127}.Debug|Any CPU.ActiveCfg = Debug|Any CPU
		{A6FC8582-F219-4495-BBB2-0C970FF43127}.Debug|Any CPU.Build.0 = Debug|Any CPU
		{A6FC8582-F219-4495-BBB2-0C970FF43127}.Release|Any CPU.ActiveCfg = Release|Any CPU
		{A6FC8582-F219-4495-BBB2-0C970FF43127}.Release|Any CPU.Build.0 = Release|Any CPU
	EndGlobalSection
	GlobalSection(SolutionProperties) = preSolution
		HideSolutionNode = FALSE
	EndGlobalSection
	GlobalSection(ExtensibilityGlobals) = postSolution
		SolutionGuid = {DB56D524-9855-4DC4-9481-005177EA94D6}
	EndGlobalSection
EndGlobal
